
Microsoft Visual Studio Solution File, Format Version 12.00
# Visual Studio Version 17
VisualStudioVersion = 17.11.35312.102
MinimumVisualStudioVersion = 10.0.40219.1
Project("{FAE04EC0-301F-11D3-BF4B-00C04F79EFBC}") = "dz102", "dz102\dz102.csproj", "{10D2827B-F2CB-4673-B03A-33C67898071B}"
EndProject
Global
	GlobalSection(SolutionConfigurationPlatforms) = preSolution
		Debug|Any CPU = Debug|Any CPU
		Release|Any CPU = Release|Any CPU
	EndGlobalSection
	GlobalSection(ProjectConfigurationPlatforms) = postSolution
		{10D2827B-F2CB-4673-B03A-33C67898071B}.Debug|Any CPU.ActiveCfg = Debug|Any CPU
		{10D2827B-F2CB-4673-B03A-33C67898071B}.Debug|Any CPU.Build.0 = Debug|Any CPU
		{10D2827B-F2CB-4673-B03A-33C67898071B}.Release|Any CPU.ActiveCfg = Release|Any CPU
		{10D2827B-F2CB-4673-B03A-33C67898071B}.Release|Any CPU.Build.0 = Release|Any CPU
	EndGlobalSection
	GlobalSection(SolutionProperties) = preSolution
		HideSolutionNode = FALSE
	EndGlobalSection
	GlobalSection(ExtensibilityGlobals) = postSolution
		SolutionGuid = {84A68C88-D697-4945-8DF0-39AA776417D3}
	EndGlobalSection
EndGlobal
