
Microsoft Visual Studio Solution File, Format Version 12.00
# Visual Studio Version 17
VisualStudioVersion = 17.11.35312.102
MinimumVisualStudioVersion = 10.0.40219.1
Project("{FAE04EC0-301F-11D3-BF4B-00C04F79EFBC}") = "dz105", "dz105\dz105.csproj", "{62CA2302-2BA5-428C-961B-1C057B1D8779}"
EndProject
Global
	GlobalSection(SolutionConfigurationPlatforms) = preSolution
		Debug|Any CPU = Debug|Any CPU
		Release|Any CPU = Release|Any CPU
	EndGlobalSection
	GlobalSection(ProjectConfigurationPlatforms) = postSolution
		{62CA2302-2BA5-428C-961B-1C057B1D8779}.Debug|Any CPU.ActiveCfg = Debug|Any CPU
		{62CA2302-2BA5-428C-961B-1C057B1D8779}.Debug|Any CPU.Build.0 = Debug|Any CPU
		{62CA2302-2BA5-428C-961B-1C057B1D8779}.Release|Any CPU.ActiveCfg = Release|Any CPU
		{62CA2302-2BA5-428C-961B-1C057B1D8779}.Release|Any CPU.Build.0 = Release|Any CPU
	EndGlobalSection
	GlobalSection(SolutionProperties) = preSolution
		HideSolutionNode = FALSE
	EndGlobalSection
	GlobalSection(ExtensibilityGlobals) = postSolution
		SolutionGuid = {6AFB702F-F0D8-46B2-8C50-28792C4AA49D}
	EndGlobalSection
EndGlobal
